
Microsoft Visual Studio Solution File, Format Version 12.00
# Visual Studio Version 17
VisualStudioVersion = 17.9.34723.18
MinimumVisualStudioVersion = 10.0.40219.1
Project("{FAE04EC0-301F-11D3-BF4B-00C04F79EFBC}") = "LogicalOperators", "LogicalOperators\LogicalOperators.csproj", "{3B8DD568-3EE4-41D4-A2EA-8A5B8DCDDEB1}"
EndProject
Global
	GlobalSection(SolutionConfigurationPlatforms) = preSolution
		Debug|Any CPU = Debug|Any CPU
		Release|Any CPU = Release|Any CPU
	EndGlobalSection
	GlobalSection(ProjectConfigurationPlatforms) = postSolution
		{3B8DD568-3EE4-41D4-A2EA-8A5B8DCDDEB1}.Debug|Any CPU.ActiveCfg = Debug|Any CPU
		{3B8DD568-3EE4-41D4-A2EA-8A5B8DCDDEB1}.Debug|Any CPU.Build.0 = Debug|Any CPU
		{3B8DD568-3EE4-41D4-A2EA-8A5B8DCDDEB1}.Release|Any CPU.ActiveCfg = Release|Any CPU
		{3B8DD568-3EE4-41D4-A2EA-8A5B8DCDDEB1}.Release|Any CPU.Build.0 = Release|Any CPU
	EndGlobalSection
	GlobalSection(SolutionProperties) = preSolution
		HideSolutionNode = FALSE
	EndGlobalSection
	GlobalSection(ExtensibilityGlobals) = postSolution
		SolutionGuid = {A195CB68-34AB-432A-938F-A4268054E6C5}
	EndGlobalSection
EndGlobal
