
Microsoft Visual Studio Solution File, Format Version 12.00
# Visual Studio Version 17
VisualStudioVersion = 17.9.34723.18
MinimumVisualStudioVersion = 10.0.40219.1
Project("{FAE04EC0-301F-11D3-BF4B-00C04F79EFBC}") = "SegundoProblema", "SegundoProblema\SegundoProblema.csproj", "{8FA1D6F1-FC7A-490B-85F9-89CF6121D334}"
EndProject
Global
	GlobalSection(SolutionConfigurationPlatforms) = preSolution
		Debug|Any CPU = Debug|Any CPU
		Release|Any CPU = Release|Any CPU
	EndGlobalSection
	GlobalSection(ProjectConfigurationPlatforms) = postSolution
		{8FA1D6F1-FC7A-490B-85F9-89CF6121D334}.Debug|Any CPU.ActiveCfg = Debug|Any CPU
		{8FA1D6F1-FC7A-490B-85F9-89CF6121D334}.Debug|Any CPU.Build.0 = Debug|Any CPU
		{8FA1D6F1-FC7A-490B-85F9-89CF6121D334}.Release|Any CPU.ActiveCfg = Release|Any CPU
		{8FA1D6F1-FC7A-490B-85F9-89CF6121D334}.Release|Any CPU.Build.0 = Release|Any CPU
	EndGlobalSection
	GlobalSection(SolutionProperties) = preSolution
		HideSolutionNode = FALSE
	EndGlobalSection
	GlobalSection(ExtensibilityGlobals) = postSolution
		SolutionGuid = {53826BEF-55B9-4A66-86DD-BE1861FF1A74}
	EndGlobalSection
EndGlobal
