
Microsoft Visual Studio Solution File, Format Version 12.00
Project("{FAE04EC0-301F-11D3-BF4B-00C04F79EFBC}") = "SolucaoSemInterface", "SolucaoSemInterface\SolucaoSemInterface.csproj", "{A5FEB8AE-D301-4F7E-8D8D-84B639D0F42B}"
EndProject
Global
	GlobalSection(SolutionConfigurationPlatforms) = preSolution
		Debug|Any CPU = Debug|Any CPU
		Release|Any CPU = Release|Any CPU
	EndGlobalSection
	GlobalSection(ProjectConfigurationPlatforms) = postSolution
		{A5FEB8AE-D301-4F7E-8D8D-84B639D0F42B}.Debug|Any CPU.ActiveCfg = Debug|Any CPU
		{A5FEB8AE-D301-4F7E-8D8D-84B639D0F42B}.Debug|Any CPU.Build.0 = Debug|Any CPU
		{A5FEB8AE-D301-4F7E-8D8D-84B639D0F42B}.Release|Any CPU.ActiveCfg = Release|Any CPU
		{A5FEB8AE-D301-4F7E-8D8D-84B639D0F42B}.Release|Any CPU.Build.0 = Release|Any CPU
	EndGlobalSection
EndGlobal
