
Microsoft Visual Studio Solution File, Format Version 12.00
# Visual Studio Version 17
VisualStudioVersion = 17.9.34723.18
MinimumVisualStudioVersion = 10.0.40219.1
Project("{FAE04EC0-301F-11D3-BF4B-00C04F79EFBC}") = "ExercicioClAtMe", "ExercicioClAtMe\ExercicioClAtMe.csproj", "{C87FE118-8E3C-49AA-B4A9-3665107F9ECE}"
EndProject
Global
	GlobalSection(SolutionConfigurationPlatforms) = preSolution
		Debug|Any CPU = Debug|Any CPU
		Release|Any CPU = Release|Any CPU
	EndGlobalSection
	GlobalSection(ProjectConfigurationPlatforms) = postSolution
		{C87FE118-8E3C-49AA-B4A9-3665107F9ECE}.Debug|Any CPU.ActiveCfg = Debug|Any CPU
		{C87FE118-8E3C-49AA-B4A9-3665107F9ECE}.Debug|Any CPU.Build.0 = Debug|Any CPU
		{C87FE118-8E3C-49AA-B4A9-3665107F9ECE}.Release|Any CPU.ActiveCfg = Release|Any CPU
		{C87FE118-8E3C-49AA-B4A9-3665107F9ECE}.Release|Any CPU.Build.0 = Release|Any CPU
	EndGlobalSection
	GlobalSection(SolutionProperties) = preSolution
		HideSolutionNode = FALSE
	EndGlobalSection
	GlobalSection(ExtensibilityGlobals) = postSolution
		SolutionGuid = {7835290D-8890-42F1-B7A6-7E52C1834CA3}
	EndGlobalSection
EndGlobal
