
Microsoft Visual Studio Solution File, Format Version 12.00
Project("{FAE04EC0-301F-11D3-BF4B-00C04F79EFBC}") = "IntroducaoDelegates", "IntroducaoDelegates\IntroducaoDelegates.csproj", "{FE265163-E00E-481C-97C5-C15CECF32505}"
EndProject
Global
	GlobalSection(SolutionConfigurationPlatforms) = preSolution
		Debug|Any CPU = Debug|Any CPU
		Release|Any CPU = Release|Any CPU
	EndGlobalSection
	GlobalSection(ProjectConfigurationPlatforms) = postSolution
		{FE265163-E00E-481C-97C5-C15CECF32505}.Debug|Any CPU.ActiveCfg = Debug|Any CPU
		{FE265163-E00E-481C-97C5-C15CECF32505}.Debug|Any CPU.Build.0 = Debug|Any CPU
		{FE265163-E00E-481C-97C5-C15CECF32505}.Release|Any CPU.ActiveCfg = Release|Any CPU
		{FE265163-E00E-481C-97C5-C15CECF32505}.Release|Any CPU.Build.0 = Release|Any CPU
	EndGlobalSection
EndGlobal
