
Microsoft Visual Studio Solution File, Format Version 12.00
# Visual Studio Version 17
VisualStudioVersion = 17.9.34723.18
MinimumVisualStudioVersion = 10.0.40219.1
Project("{FAE04EC0-301F-11D3-BF4B-00C04F79EFBC}") = "ExercicioFixacao", "ExercicioFixacao\ExercicioFixacao.csproj", "{C142ABE4-623A-4A64-AB34-A5B12A56E5EF}"
EndProject
Global
	GlobalSection(SolutionConfigurationPlatforms) = preSolution
		Debug|Any CPU = Debug|Any CPU
		Release|Any CPU = Release|Any CPU
	EndGlobalSection
	GlobalSection(ProjectConfigurationPlatforms) = postSolution
		{C142ABE4-623A-4A64-AB34-A5B12A56E5EF}.Debug|Any CPU.ActiveCfg = Debug|Any CPU
		{C142ABE4-623A-4A64-AB34-A5B12A56E5EF}.Debug|Any CPU.Build.0 = Debug|Any CPU
		{C142ABE4-623A-4A64-AB34-A5B12A56E5EF}.Release|Any CPU.ActiveCfg = Release|Any CPU
		{C142ABE4-623A-4A64-AB34-A5B12A56E5EF}.Release|Any CPU.Build.0 = Release|Any CPU
	EndGlobalSection
	GlobalSection(SolutionProperties) = preSolution
		HideSolutionNode = FALSE
	EndGlobalSection
	GlobalSection(ExtensibilityGlobals) = postSolution
		SolutionGuid = {94086BEA-92CD-4C93-916C-9DE3DCAC9090}
	EndGlobalSection
EndGlobal
