
Microsoft Visual Studio Solution File, Format Version 12.00
# Visual Studio Version 17
VisualStudioVersion = 17.9.34723.18
MinimumVisualStudioVersion = 10.0.40219.1
Project("{FAE04EC0-301F-11D3-BF4B-00C04F79EFBC}") = "ScopeAndInitialization", "ScopeAndInitialization\ScopeAndInitialization.csproj", "{FC0258CD-D1EE-4767-B54D-F5A3FA47673B}"
EndProject
Global
	GlobalSection(SolutionConfigurationPlatforms) = preSolution
		Debug|Any CPU = Debug|Any CPU
		Release|Any CPU = Release|Any CPU
	EndGlobalSection
	GlobalSection(ProjectConfigurationPlatforms) = postSolution
		{FC0258CD-D1EE-4767-B54D-F5A3FA47673B}.Debug|Any CPU.ActiveCfg = Debug|Any CPU
		{FC0258CD-D1EE-4767-B54D-F5A3FA47673B}.Debug|Any CPU.Build.0 = Debug|Any CPU
		{FC0258CD-D1EE-4767-B54D-F5A3FA47673B}.Release|Any CPU.ActiveCfg = Release|Any CPU
		{FC0258CD-D1EE-4767-B54D-F5A3FA47673B}.Release|Any CPU.Build.0 = Release|Any CPU
	EndGlobalSection
	GlobalSection(SolutionProperties) = preSolution
		HideSolutionNode = FALSE
	EndGlobalSection
	GlobalSection(ExtensibilityGlobals) = postSolution
		SolutionGuid = {86AD0922-19E7-4E85-B706-74DEC7713405}
	EndGlobalSection
EndGlobal
