
Microsoft Visual Studio Solution File, Format Version 12.00
Project("{FAE04EC0-301F-11D3-BF4B-00C04F79EFBC}") = "ExercicioPropostoDictionary", "ExercicioPropostoDictionary\ExercicioPropostoDictionary.csproj", "{F1151C90-8072-43BB-9C0F-1CC3DA7E49CC}"
EndProject
Global
	GlobalSection(SolutionConfigurationPlatforms) = preSolution
		Debug|Any CPU = Debug|Any CPU
		Release|Any CPU = Release|Any CPU
	EndGlobalSection
	GlobalSection(ProjectConfigurationPlatforms) = postSolution
		{F1151C90-8072-43BB-9C0F-1CC3DA7E49CC}.Debug|Any CPU.ActiveCfg = Debug|Any CPU
		{F1151C90-8072-43BB-9C0F-1CC3DA7E49CC}.Debug|Any CPU.Build.0 = Debug|Any CPU
		{F1151C90-8072-43BB-9C0F-1CC3DA7E49CC}.Release|Any CPU.ActiveCfg = Release|Any CPU
		{F1151C90-8072-43BB-9C0F-1CC3DA7E49CC}.Release|Any CPU.Build.0 = Release|Any CPU
	EndGlobalSection
EndGlobal
