
Microsoft Visual Studio Solution File, Format Version 12.00
# Visual Studio Version 17
VisualStudioVersion = 17.9.34723.18
MinimumVisualStudioVersion = 10.0.40219.1
Project("{FAE04EC0-301F-11D3-BF4B-00C04F79EFBC}") = "Encapsulamento", "Encapsulamento\Encapsulamento.csproj", "{816201C8-626F-4A8A-93C6-0FE190EC26D4}"
EndProject
Global
	GlobalSection(SolutionConfigurationPlatforms) = preSolution
		Debug|Any CPU = Debug|Any CPU
		Release|Any CPU = Release|Any CPU
	EndGlobalSection
	GlobalSection(ProjectConfigurationPlatforms) = postSolution
		{816201C8-626F-4A8A-93C6-0FE190EC26D4}.Debug|Any CPU.ActiveCfg = Debug|Any CPU
		{816201C8-626F-4A8A-93C6-0FE190EC26D4}.Debug|Any CPU.Build.0 = Debug|Any CPU
		{816201C8-626F-4A8A-93C6-0FE190EC26D4}.Release|Any CPU.ActiveCfg = Release|Any CPU
		{816201C8-626F-4A8A-93C6-0FE190EC26D4}.Release|Any CPU.Build.0 = Release|Any CPU
	EndGlobalSection
	GlobalSection(SolutionProperties) = preSolution
		HideSolutionNode = FALSE
	EndGlobalSection
	GlobalSection(ExtensibilityGlobals) = postSolution
		SolutionGuid = {0EB3542F-B48F-4CB3-85F0-4615907B96E4}
	EndGlobalSection
EndGlobal
