
Microsoft Visual Studio Solution File, Format Version 12.00
Project("{FAE04EC0-301F-11D3-BF4B-00C04F79EFBC}") = "HerdarVsCumprirContrato", "HerdarVsCumprirContrato\HerdarVsCumprirContrato.csproj", "{4D728ABF-AB41-46C6-9CCF-43E676A3916B}"
EndProject
Global
	GlobalSection(SolutionConfigurationPlatforms) = preSolution
		Debug|Any CPU = Debug|Any CPU
		Release|Any CPU = Release|Any CPU
	EndGlobalSection
	GlobalSection(ProjectConfigurationPlatforms) = postSolution
		{4D728ABF-AB41-46C6-9CCF-43E676A3916B}.Debug|Any CPU.ActiveCfg = Debug|Any CPU
		{4D728ABF-AB41-46C6-9CCF-43E676A3916B}.Debug|Any CPU.Build.0 = Debug|Any CPU
		{4D728ABF-AB41-46C6-9CCF-43E676A3916B}.Release|Any CPU.ActiveCfg = Release|Any CPU
		{4D728ABF-AB41-46C6-9CCF-43E676A3916B}.Release|Any CPU.Build.0 = Release|Any CPU
	EndGlobalSection
EndGlobal
