
Microsoft Visual Studio Solution File, Format Version 12.00
# Visual Studio Version 17
VisualStudioVersion = 17.9.34728.123
MinimumVisualStudioVersion = 10.0.40219.1
Project("{FAE04EC0-301F-11D3-BF4B-00C04F79EFBC}") = "FormatoDateTimeKind", "FormatoDateTimeKind\FormatoDateTimeKind.csproj", "{1BB31663-ED55-4FE7-88BE-23437CAFB35C}"
EndProject
Global
	GlobalSection(SolutionConfigurationPlatforms) = preSolution
		Debug|Any CPU = Debug|Any CPU
		Release|Any CPU = Release|Any CPU
	EndGlobalSection
	GlobalSection(ProjectConfigurationPlatforms) = postSolution
		{1BB31663-ED55-4FE7-88BE-23437CAFB35C}.Debug|Any CPU.ActiveCfg = Debug|Any CPU
		{1BB31663-ED55-4FE7-88BE-23437CAFB35C}.Debug|Any CPU.Build.0 = Debug|Any CPU
		{1BB31663-ED55-4FE7-88BE-23437CAFB35C}.Release|Any CPU.ActiveCfg = Release|Any CPU
		{1BB31663-ED55-4FE7-88BE-23437CAFB35C}.Release|Any CPU.Build.0 = Release|Any CPU
	EndGlobalSection
	GlobalSection(SolutionProperties) = preSolution
		HideSolutionNode = FALSE
	EndGlobalSection
	GlobalSection(ExtensibilityGlobals) = postSolution
		SolutionGuid = {A6115DEA-4ACB-4774-9422-063188B6D35B}
	EndGlobalSection
EndGlobal
