
Microsoft Visual Studio Solution File, Format Version 12.00
# Visual Studio Version 17
VisualStudioVersion = 17.9.34723.18
MinimumVisualStudioVersion = 10.0.40219.1
Project("{FAE04EC0-301F-11D3-BF4B-00C04F79EFBC}") = "MembrosEstaticos", "MembrosEstaticos\MembrosEstaticos.csproj", "{0710E113-F050-45DB-85A8-D22E2DE0D186}"
EndProject
Global
	GlobalSection(SolutionConfigurationPlatforms) = preSolution
		Debug|Any CPU = Debug|Any CPU
		Release|Any CPU = Release|Any CPU
	EndGlobalSection
	GlobalSection(ProjectConfigurationPlatforms) = postSolution
		{0710E113-F050-45DB-85A8-D22E2DE0D186}.Debug|Any CPU.ActiveCfg = Debug|Any CPU
		{0710E113-F050-45DB-85A8-D22E2DE0D186}.Debug|Any CPU.Build.0 = Debug|Any CPU
		{0710E113-F050-45DB-85A8-D22E2DE0D186}.Release|Any CPU.ActiveCfg = Release|Any CPU
		{0710E113-F050-45DB-85A8-D22E2DE0D186}.Release|Any CPU.Build.0 = Release|Any CPU
	EndGlobalSection
	GlobalSection(SolutionProperties) = preSolution
		HideSolutionNode = FALSE
	EndGlobalSection
	GlobalSection(ExtensibilityGlobals) = postSolution
		SolutionGuid = {3473B5E4-6C58-4669-B3EA-1446B6E1F379}
	EndGlobalSection
EndGlobal
