
Microsoft Visual Studio Solution File, Format Version 12.00
# Visual Studio Version 17
VisualStudioVersion = 17.9.34723.18
MinimumVisualStudioVersion = 10.0.40219.1
Project("{FAE04EC0-301F-11D3-BF4B-00C04F79EFBC}") = "Sobrecarga", "Sobrecarga\Sobrecarga.csproj", "{29378B9A-E7A4-4970-915D-7B2F365A0704}"
EndProject
Global
	GlobalSection(SolutionConfigurationPlatforms) = preSolution
		Debug|Any CPU = Debug|Any CPU
		Release|Any CPU = Release|Any CPU
	EndGlobalSection
	GlobalSection(ProjectConfigurationPlatforms) = postSolution
		{29378B9A-E7A4-4970-915D-7B2F365A0704}.Debug|Any CPU.ActiveCfg = Debug|Any CPU
		{29378B9A-E7A4-4970-915D-7B2F365A0704}.Debug|Any CPU.Build.0 = Debug|Any CPU
		{29378B9A-E7A4-4970-915D-7B2F365A0704}.Release|Any CPU.ActiveCfg = Release|Any CPU
		{29378B9A-E7A4-4970-915D-7B2F365A0704}.Release|Any CPU.Build.0 = Release|Any CPU
	EndGlobalSection
	GlobalSection(SolutionProperties) = preSolution
		HideSolutionNode = FALSE
	EndGlobalSection
	GlobalSection(ExtensibilityGlobals) = postSolution
		SolutionGuid = {71F3BD4A-155C-4D21-8CB5-BE683D638BBD}
	EndGlobalSection
EndGlobal
