
Microsoft Visual Studio Solution File, Format Version 12.00
Project("{FAE04EC0-301F-11D3-BF4B-00C04F79EFBC}") = "DictionarySortedDictionary", "DictionarySortedDictionary\DictionarySortedDictionary.csproj", "{CD9BE32B-DD1D-4F66-BA5C-9883ED4861CA}"
EndProject
Global
	GlobalSection(SolutionConfigurationPlatforms) = preSolution
		Debug|Any CPU = Debug|Any CPU
		Release|Any CPU = Release|Any CPU
	EndGlobalSection
	GlobalSection(ProjectConfigurationPlatforms) = postSolution
		{CD9BE32B-DD1D-4F66-BA5C-9883ED4861CA}.Debug|Any CPU.ActiveCfg = Debug|Any CPU
		{CD9BE32B-DD1D-4F66-BA5C-9883ED4861CA}.Debug|Any CPU.Build.0 = Debug|Any CPU
		{CD9BE32B-DD1D-4F66-BA5C-9883ED4861CA}.Release|Any CPU.ActiveCfg = Release|Any CPU
		{CD9BE32B-DD1D-4F66-BA5C-9883ED4861CA}.Release|Any CPU.Build.0 = Release|Any CPU
	EndGlobalSection
EndGlobal
